# This file is automatically @generated by Cargo.
# It is not intended for manual editing.
version = 3

[[package]]
name = "glsc"
version = "0.1.0"
dependencies = [
 "glsc_hir",
 "glsc_hir_lower",
 "lang-c",
]

[[package]]
name = "glsc_hir"
version = "0.1.0"
dependencies = [
 "lang-c",
]

[[package]]
name = "glsc_hir_lower"
version = "0.1.0"
dependencies = [
 "glsc_hir",
 "lang-c",
]

[[package]]
name = "lang-c"
version = "0.15.1"
source = "registry+https://github.com/rust-lang/crates.io-index"
checksum = "720e6492b795d1f6838eb2e51879ec3073be745a20e52c32a241b80b3c8ed998"
